
Microsoft Visual Studio Solution File, Format Version 12.00
# Visual Studio Version 17
VisualStudioVersion = 17.5.002.0
MinimumVisualStudioVersion = 10.0.40219.1
Project("{9A19103F-16F7-4668-BE54-9A1E7A4F7556}") = "Crocosmaute", "Crocosmaute.csproj", "{199B56D8-A3DC-4AEF-889A-D21816E60768}"
EndProject
Global
	GlobalSection(SolutionConfigurationPlatforms) = preSolution
		Debug|Any CPU = Debug|Any CPU
		Release|Any CPU = Release|Any CPU
	EndGlobalSection
	GlobalSection(ProjectConfigurationPlatforms) = postSolution
		{199B56D8-A3DC-4AEF-889A-D21816E60768}.Debug|Any CPU.ActiveCfg = Debug|Any CPU
		{199B56D8-A3DC-4AEF-889A-D21816E60768}.Debug|Any CPU.Build.0 = Debug|Any CPU
		{199B56D8-A3DC-4AEF-889A-D21816E60768}.Release|Any CPU.ActiveCfg = Release|Any CPU
		{199B56D8-A3DC-4AEF-889A-D21816E60768}.Release|Any CPU.Build.0 = Release|Any CPU
	EndGlobalSection
	GlobalSection(SolutionProperties) = preSolution
		HideSolutionNode = FALSE
	EndGlobalSection
	GlobalSection(ExtensibilityGlobals) = postSolution
		SolutionGuid = {D8E4E8B2-9286-4CB4-BC8F-7BE2704F9DF0}
	EndGlobalSection
EndGlobal
